
Microsoft Visual Studio Solution File, Format Version 12.00
# Visual Studio Version 17
VisualStudioVersion = 17.0.31903.59
MinimumVisualStudioVersion = 10.0.40219.1
Project("{F2A71F9B-5D33-465A-A702-920D77279786}") = "Lib", "src\Lib\Lib.fsproj", "{E1D5F526-89F0-440F-B30C-B26BE74ED02F}"
EndProject
Project("{F2A71F9B-5D33-465A-A702-920D77279786}") = "Cli", "src\Cli\Cli.fsproj", "{2CCAEF46-57D1-4723-8ED6-6E9FD03ABF12}"
EndProject
Global
	GlobalSection(SolutionProperties) = preSolution
		HideSolutionNode = FALSE
	EndGlobalSection
	GlobalSection(ProjectConfigurationPlatforms) = postSolution
	EndGlobalSection
EndGlobal
