RESTRICTION: || (== net8.0) (== netstandard2.0)
NUGET
  remote: https://api.nuget.org/v3/index.json
    Avalonia (11.3.10)
      Avalonia.BuildServices (>= 11.3.2)
      Avalonia.Remote.Protocol (>= 11.3.10)
      MicroCom.Runtime (>= 0.11)
      Microsoft.Bcl.AsyncInterfaces (>= 6.0) - restriction: || (&& (== net8.0) (< net6.0)) (== netstandard2.0)
      System.ComponentModel.Annotations (>= 4.5) - restriction: || (&& (== net8.0) (< net6.0)) (== netstandard2.0)
      System.Diagnostics.DiagnosticSource (>= 8.0.1) - restriction: || (&& (== net8.0) (< net6.0)) (== netstandard2.0)
      System.Memory (>= 4.5.5) - restriction: || (&& (== net8.0) (< net6.0)) (== netstandard2.0)
    Avalonia.Angle.Windows.Natives (2.1.25547.20250602)
    Avalonia.BuildServices (11.3.2)
    Avalonia.Controls.DataGrid (11.3.10) - restriction: || (== net8.0) (&& (== netstandard2.0) (>= net8.0))
      Avalonia (>= 11.3.10)
    Avalonia.Desktop (11.3.10)
      Avalonia (>= 11.3.10)
      Avalonia.Native (>= 11.3.10)
      Avalonia.Skia (>= 11.3.10)
      Avalonia.Win32 (>= 11.3.10)
      Avalonia.X11 (>= 11.3.10)
    Avalonia.FreeDesktop (11.3.10)
      Avalonia (>= 11.3.10)
      Tmds.DBus.Protocol (>= 0.21.2)
    Avalonia.FuncUI (1.5.2)
      Avalonia (>= 11.1) - restriction: || (== net8.0) (&& (== netstandard2.0) (>= net8.0))
      Avalonia.Controls.DataGrid (>= 11.1) - restriction: || (== net8.0) (&& (== netstandard2.0) (>= net8.0))
      FSharp.Core (>= 6.0) - restriction: || (== net8.0) (&& (== netstandard2.0) (>= net8.0))
    Avalonia.Native (11.3.10)
      Avalonia (>= 11.3.10)
    Avalonia.Remote.Protocol (11.3.10)
    Avalonia.Skia (11.3.10)
      Avalonia (>= 11.3.10)
      HarfBuzzSharp (>= 8.3.1.1)
      HarfBuzzSharp.NativeAssets.Linux (>= 8.3.1.1)
      HarfBuzzSharp.NativeAssets.WebAssembly (>= 8.3.1.1)
      SkiaSharp (>= 2.88.9)
      SkiaSharp.NativeAssets.Linux (>= 2.88.9)
      SkiaSharp.NativeAssets.WebAssembly (>= 2.88.9)
    Avalonia.Themes.Fluent (11.3.10)
      Avalonia (>= 11.3.10)
    Avalonia.Win32 (11.3.10)
      Avalonia (>= 11.3.10)
      Avalonia.Angle.Windows.Natives (>= 2.1.25547.20250602)
      System.Numerics.Vectors (>= 4.5) - restriction: || (&& (== net8.0) (< net6.0)) (== netstandard2.0)
      System.Runtime.CompilerServices.Unsafe (>= 6.0) - restriction: || (&& (== net8.0) (< net6.0)) (== netstandard2.0)
    Avalonia.X11 (11.3.10)
      Avalonia (>= 11.3.10)
      Avalonia.FreeDesktop (>= 11.3.10)
      Avalonia.Skia (>= 11.3.10)
    coverlet.collector (6.0.4)
    Farse (0.6)
      FSharp.Core (>= 8.0.100) - restriction: || (== net8.0) (&& (== netstandard2.0) (>= net8.0))
      System.Text.Json (>= 9.0) - restriction: || (== net8.0) (&& (== netstandard2.0) (>= net8.0))
    Fleck (1.2)
    FSharp.Core (8.0.403)
    FSharp.SystemTextJson (1.4.36)
      FSharp.Core (>= 4.7)
      System.Text.Json (>= 6.0.10)
    FsToolkit.ErrorHandling (5.1)
      FSharp.Core (>= 6.0.4)
      Microsoft.Bcl.AsyncInterfaces (>= 6.0) - restriction: || (&& (== net8.0) (< netstandard2.1)) (== netstandard2.0)
    FsUnit (7.1.1)
      FSharp.Core (>= 5.0.2)
      NUnit (>= 4.0.1)
    HarfBuzzSharp (8.3.1.2)
      HarfBuzzSharp.NativeAssets.macOS (>= 8.3.1.2)
      HarfBuzzSharp.NativeAssets.Win32 (>= 8.3.1.2)
      System.Memory (>= 4.5.5) - restriction: || (&& (== net8.0) (>= net462)) (&& (== net8.0) (< netstandard2.1)) (== netstandard2.0)
    HarfBuzzSharp.NativeAssets.Linux (8.3.1.2)
    HarfBuzzSharp.NativeAssets.macOS (8.3.1.2)
    HarfBuzzSharp.NativeAssets.WebAssembly (8.3.1.2)
    HarfBuzzSharp.NativeAssets.Win32 (8.3.1.2)
    MicroCom.Runtime (0.11.3)
    Microsoft.ApplicationInsights (2.23)
      System.Diagnostics.DiagnosticSource (>= 5.0)
    Microsoft.Bcl.AsyncInterfaces (10.0.1) - restriction: || (&& (== net8.0) (>= net462)) (&& (== net8.0) (>= net471)) (&& (== net8.0) (< netstandard2.1)) (== netstandard2.0)
      System.Threading.Tasks.Extensions (>= 4.6.3) - restriction: || (&& (== net8.0) (>= net462)) (&& (== net8.0) (< netstandard2.1)) (== netstandard2.0)
    Microsoft.CodeCoverage (18.0.1) - restriction: || (== net8.0) (&& (== netstandard2.0) (>= net462)) (&& (== netstandard2.0) (>= net8.0))
    Microsoft.Extensions.DependencyModel (10.0.1)
      System.Buffers (>= 4.6.1) - restriction: || (&& (== net8.0) (>= net462)) (== netstandard2.0)
      System.Memory (>= 4.6.3) - restriction: || (&& (== net8.0) (>= net462)) (== netstandard2.0)
      System.Text.Encodings.Web (>= 10.0.1)
      System.Text.Json (>= 10.0.1)
    Microsoft.NET.Test.Sdk (18.0.1)
      Microsoft.CodeCoverage (>= 18.0.1) - restriction: || (== net8.0) (&& (== netstandard2.0) (>= net462)) (&& (== netstandard2.0) (>= net8.0))
      Microsoft.TestPlatform.TestHost (>= 18.0.1) - restriction: || (== net8.0) (&& (== netstandard2.0) (>= net8.0))
    Microsoft.Testing.Extensions.Telemetry (2.0.2)
      Microsoft.ApplicationInsights (>= 2.23)
      Microsoft.Testing.Platform (>= 2.0.2)
      System.Diagnostics.DiagnosticSource (>= 6.0) - restriction: == netstandard2.0
    Microsoft.Testing.Extensions.TrxReport.Abstractions (2.0.2)
      Microsoft.Testing.Platform (>= 2.0.2)
    Microsoft.Testing.Extensions.VSTestBridge (2.0.2)
      Microsoft.Testing.Extensions.Telemetry (>= 2.0.2)
      Microsoft.Testing.Extensions.TrxReport.Abstractions (>= 2.0.2)
      Microsoft.Testing.Platform (>= 2.0.2)
      Microsoft.TestPlatform.AdapterUtilities (>= 18.0.1)
      Microsoft.TestPlatform.ObjectModel (>= 18.0.1)
    Microsoft.Testing.Platform (2.0.2)
    Microsoft.Testing.Platform.MSBuild (2.0.2)
      Microsoft.Testing.Platform (>= 2.0.2)
    Microsoft.TestPlatform.AdapterUtilities (18.0.1)
    Microsoft.TestPlatform.ObjectModel (18.0.1)
      System.Reflection.Metadata (>= 8.0)
    Microsoft.TestPlatform.TestHost (18.0.1) - restriction: || (== net8.0) (&& (== netstandard2.0) (>= net8.0))
      Microsoft.TestPlatform.ObjectModel (>= 18.0.1) - restriction: || (== net8.0) (&& (== netstandard2.0) (>= net8.0))
      Newtonsoft.Json (>= 13.0.3) - restriction: || (== net8.0) (&& (== netstandard2.0) (>= net8.0))
    Newtonsoft.Json (13.0.4) - restriction: || (== net8.0) (&& (== netstandard2.0) (>= net8.0))
    NUnit (4.4)
    NUnit.Analyzers (4.11.2)
    NUnit3TestAdapter (6.0)
      Microsoft.Extensions.DependencyModel (>= 10.0)
      Microsoft.Testing.Extensions.VSTestBridge (>= 2.0.2)
      Microsoft.Testing.Platform.MSBuild (>= 2.0.2)
    Serilog (4.3)
      System.Diagnostics.DiagnosticSource (>= 8.0.1) - restriction: || (&& (== net8.0) (>= net462) (< netstandard2.0)) (&& (== net8.0) (>= net471)) (&& (== net8.0) (< net6.0)) (== netstandard2.0)
      System.Threading.Channels (>= 8.0) - restriction: || (&& (== net8.0) (>= net462) (< netstandard2.0)) (&& (== net8.0) (>= net471)) (&& (== net8.0) (< net6.0)) (== netstandard2.0)
    Serilog.Sinks.Console (6.1.1)
      Serilog (>= 4.0)
    SkiaSharp (3.119.1)
      SkiaSharp.NativeAssets.macOS (>= 3.119.1)
      SkiaSharp.NativeAssets.Win32 (>= 3.119.1)
      System.Memory (>= 4.5.5) - restriction: || (&& (== net8.0) (>= net462)) (&& (== net8.0) (< netstandard2.1)) (== netstandard2.0)
    SkiaSharp.NativeAssets.Linux (3.119.1)
    SkiaSharp.NativeAssets.macOS (3.119.1)
    SkiaSharp.NativeAssets.WebAssembly (3.119.1)
    SkiaSharp.NativeAssets.Win32 (3.119.1)
    System.Buffers (4.6.1) - restriction: || (&& (== net8.0) (>= net462)) (== netstandard2.0)
    System.Collections.Immutable (10.0.1)
      System.Memory (>= 4.6.3) - restriction: || (&& (== net8.0) (>= net462)) (== netstandard2.0)
      System.Runtime.CompilerServices.Unsafe (>= 6.1.2) - restriction: || (&& (== net8.0) (>= net462)) (== netstandard2.0)
    System.ComponentModel.Annotations (5.0) - restriction: || (&& (== net8.0) (< net6.0)) (== netstandard2.0)
    System.Diagnostics.DiagnosticSource (10.0.1)
      System.Memory (>= 4.6.3) - restriction: || (&& (== net8.0) (>= net462)) (== netstandard2.0)
      System.Runtime.CompilerServices.Unsafe (>= 6.1.2) - restriction: || (&& (== net8.0) (>= net462)) (== netstandard2.0)
    System.IO.Pipelines (10.0.1)
    System.Memory (4.6.3) - restriction: || (&& (== net8.0) (>= net462)) (== netstandard2.0)
      System.Buffers (>= 4.6.1) - restriction: || (&& (== net8.0) (>= net462)) (&& (== net8.0) (< netcoreapp2.1) (< netstandard2.1)) (== netstandard2.0)
      System.Numerics.Vectors (>= 4.6.1) - restriction: || (&& (== net8.0) (>= net462)) (&& (== net8.0) (< netcoreapp2.1) (< netstandard2.1)) (== netstandard2.0)
      System.Runtime.CompilerServices.Unsafe (>= 6.1.2) - restriction: || (&& (== net8.0) (>= net462)) (&& (== net8.0) (< netcoreapp2.1) (< netstandard2.1)) (== netstandard2.0)
    System.Numerics.Vectors (4.6.1) - restriction: || (&& (== net8.0) (>= net462)) (== netstandard2.0)
    System.Reflection.Metadata (10.0.1)
      System.Collections.Immutable (>= 10.0.1)
    System.Runtime.CompilerServices.Unsafe (6.1.2) - restriction: || (&& (== net8.0) (>= net462)) (&& (== net8.0) (>= net471)) (&& (== net8.0) (< net6.0)) (== netstandard2.0)
    System.Text.Encodings.Web (10.0.1)
      System.Buffers (>= 4.6.1) - restriction: || (&& (== net8.0) (>= net462)) (== netstandard2.0)
      System.Memory (>= 4.6.3) - restriction: || (&& (== net8.0) (>= net462)) (== netstandard2.0)
      System.Runtime.CompilerServices.Unsafe (>= 6.1.2) - restriction: || (&& (== net8.0) (>= net462)) (== netstandard2.0)
    System.Text.Json (10.0.1)
      System.IO.Pipelines (>= 10.0.1)
      System.Text.Encodings.Web (>= 10.0.1)
    System.Threading.Channels (10.0.1) - restriction: || (&& (== net8.0) (>= net462) (< netstandard2.0)) (&& (== net8.0) (>= net471)) (&& (== net8.0) (< net6.0)) (== netstandard2.0)
      Microsoft.Bcl.AsyncInterfaces (>= 10.0.1) - restriction: || (&& (== net8.0) (>= net462)) (&& (== net8.0) (< netstandard2.1)) (== netstandard2.0)
      System.Threading.Tasks.Extensions (>= 4.6.3) - restriction: || (&& (== net8.0) (>= net462)) (&& (== net8.0) (< netstandard2.1)) (== netstandard2.0)
    System.Threading.Tasks.Extensions (4.6.3) - restriction: || (&& (== net8.0) (>= net462)) (&& (== net8.0) (>= net471)) (&& (== net8.0) (< netstandard2.1)) (== netstandard2.0)
      System.Runtime.CompilerServices.Unsafe (>= 6.1.2) - restriction: || (&& (== net8.0) (>= net462)) (&& (== net8.0) (< netcoreapp2.1) (< netstandard2.1)) (== netstandard2.0)
    Tmds.DBus.Protocol (0.23)
      Microsoft.Bcl.AsyncInterfaces (>= 8.0) - restriction: || (&& (== net8.0) (< net6.0)) (&& (== net8.0) (< netstandard2.1)) (== netstandard2.0)
      System.IO.Pipelines (>= 8.0)
      System.Threading.Channels (>= 8.0) - restriction: || (&& (== net8.0) (< net6.0)) (&& (== net8.0) (< netstandard2.1)) (== netstandard2.0)
