{
  "version": 2,
  "dependencies": {
    "net8.0": {
      "Serilog": {
        "type": "Direct",
        "requested": "[4.3.0, )",
        "resolved": "4.3.0",
        "contentHash": "+cDryFR0GRhsGOnZSKwaDzRRl4MupvJ42FhCE4zhQRVanX0Jpg6WuCBk59OVhVDPmab1bB+nRykAnykYELA9qQ=="
      },
      "Serilog.Sinks.Console": {
        "type": "Direct",
        "requested": "[6.1.1, )",
        "resolved": "6.1.1",
        "contentHash": "8jbqgjUyZlfCuSTaJk6lOca465OndqOz3KZP6Cryt/IqZYybyBu7GP0fE/AXBzrrQB3EBmQntBFAvMVz1COvAA==",
        "dependencies": {
          "Serilog": "4.0.0"
        }
      },
      "FSharp.Core": {
        "type": "Transitive",
        "resolved": "8.0.100",
        "contentHash": "ZOVZ/o+jI3ormTZOa28Wh0tSRoyle1f7lKFcUN61sPiXI7eDZu8eSveFybgTeyIEyW0ujjp31cp7GOglDgsNEg=="
      },
      "System.IO.Pipelines": {
        "type": "Transitive",
        "resolved": "9.0.0",
        "contentHash": "eA3cinogwaNB4jdjQHOP3Z3EuyiDII7MT35jgtnsA4vkn0LUrrSHsU0nzHTzFzmaFYeKV7MYyMxOocFzsBHpTw=="
      },
      "System.Text.Encodings.Web": {
        "type": "Transitive",
        "resolved": "9.0.0",
        "contentHash": "e2hMgAErLbKyUUwt18qSBf9T5Y+SFAL3ZedM8fLupkVj8Rj2PZ9oxQ37XX2LF8fTO1wNIxvKpihD7Of7D/NxZw=="
      },
      "System.Text.Json": {
        "type": "Transitive",
        "resolved": "9.0.0",
        "contentHash": "js7+qAu/9mQvnhA4EfGMZNEzXtJCDxgkgj8ohuxq/Qxv+R56G+ljefhiJHOxTNiw54q8vmABCWUwkMulNdlZ4A==",
        "dependencies": {
          "System.IO.Pipelines": "9.0.0",
          "System.Text.Encodings.Web": "9.0.0"
        }
      },
      "lib": {
        "type": "Project",
        "dependencies": {
          "FSharp.SystemTextJson": "[1.4.36, )",
          "Farse": "[0.6.0, )",
          "FsToolkit.ErrorHandling": "[5.1.0, )",
          "Serilog": "[4.3.0, )"
        }
      },
      "Farse": {
        "type": "CentralTransitive",
        "requested": "[0.6.0, )",
        "resolved": "0.6.0",
        "contentHash": "7quqo5WX9Yb8XBRD+3g28ksIZsGLsI3uSq24BiUWI3Yjc0ZI2HvOkNR8ddDHdwRkxaguXyTZEk/6ZHrhtNkrGQ==",
        "dependencies": {
          "FSharp.Core": "8.0.100",
          "System.Text.Json": "9.0.0"
        }
      },
      "FSharp.SystemTextJson": {
        "type": "CentralTransitive",
        "requested": "[1.4.36, )",
        "resolved": "1.4.36",
        "contentHash": "1xLk0SBF1nedD74B77rcArjD2d+DeZwbNI7BVCAyKwIBERo1VoX8Mf4AtX0OV2L3ZeM/XS1b6BuhXCyoh0KBnw==",
        "dependencies": {
          "FSharp.Core": "4.7.0",
          "System.Text.Json": "6.0.10"
        }
      },
      "FsToolkit.ErrorHandling": {
        "type": "CentralTransitive",
        "requested": "[5.1.0, )",
        "resolved": "5.1.0",
        "contentHash": "l1bblQhBLLjoHVVxnxDghT8DBjeDQoN1UEEwryvfAoer599C/hnOo0BPcNVP1SpltaWXTjdUZXZyXj0jF6Onbw==",
        "dependencies": {
          "FSharp.Core": "6.0.4"
        }
      }
    }
  }
}